// !$*UTF8*$!
{
	archiveVersion = 1;
	classes = {
	};
	objectVersion = 46;
	objects = {

/* Begin PBXBuildFile section */
		7BC809981AAE6AB0007E5CC8 /* AppDelegate.swift in Sources */ = {isa = PBXBuildFile; fileRef = 7BC809971AAE6AB0007E5CC8 /* AppDelegate.swift */; };
		7BC8099A1AAE6AB0007E5CC8 /* ViewController.swift in Sources */ = {isa = PBXBuildFile; fileRef = 7BC809991AAE6AB0007E5CC8 /* ViewController.swift */; };
		7BC8099D1AAE6AB0007E5CC8 /* Main.storyboard in Resources */ = {isa = PBXBuildFile; fileRef = 7BC8099B1AAE6AB0007E5CC8 /* Main.storyboard */; };
		7BC8099F1AAE6AB0007E5CC8 /* Images.xcassets in Resources */ = {isa = PBXBuildFile; fileRef = 7BC8099E1AAE6AB0007E5CC8 /* Images.xcassets */; };
		7BC809A21AAE6AB0007E5CC8 /* LaunchScreen.xib in Resources */ = {isa = PBXBuildFile; fileRef = 7BC809A01AAE6AB0007E5CC8 /* LaunchScreen.xib */; };
		7BC809AE1AAE6AB0007E5CC8 /* iOS_app_tutorialTests.swift in Sources */ = {isa = PBXBuildFile; fileRef = 7BC809AD1AAE6AB0007E5CC8 /* iOS_app_tutorialTests.swift */; };
/* End PBXBuildFile section */

/* Begin PBXContainerItemProxy section */
		7BC809A81AAE6AB0007E5CC8 /* PBXContainerItemProxy */ = {
			isa = PBXContainerItemProxy;
			containerPortal = 7BC8098A1AAE6AB0007E5CC8 /* Project object */;
			proxyType = 1;
			remoteGlobalIDString = 7BC809911AAE6AB0007E5CC8;
			remoteInfo = iOS_app_tutorial;
		};
/* End PBXContainerItemProxy section */

/* Begin PBXFileReference section */
		7BC809921AAE6AB0007E5CC8 /* iOS_app_tutorial.app */ = {isa = PBXFileReference; explicitFileType = wrapper.application; includeInIndex = 0; path = iOS_app_tutorial.app; sourceTree = BUILT_PRODUCTS_DIR; };
		7BC809961AAE6AB0007E5CC8 /* Info.plist */ = {isa = PBXFileReference; lastKnownFileType = text.plist.xml; path = Info.plist; sourceTree = "<group>"; };
		7BC809971AAE6AB0007E5CC8 /* AppDelegate.swift */ = {isa = PBXFileReference; lastKnownFileType = sourcecode.swift; path = AppDelegate.swift; sourceTree = "<group>"; };
		7BC809991AAE6AB0007E5CC8 /* ViewController.swift */ = {isa = PBXFileReference; lastKnownFileType = sourcecode.swift; path = ViewController.swift; sourceTree = "<group>"; };
		7BC8099C1AAE6AB0007E5CC8 /* Base */ = {isa = PBXFileReference; lastKnownFileType = file.storyboard; name = Base; path = Base.lproj/Main.storyboard; sourceTree = "<group>"; };
		7BC8099E1AAE6AB0007E5CC8 /* Images.xcassets */ = {isa = PBXFileReference; lastKnownFileType = folder.assetcatalog; path = Images.xcassets; sourceTree = "<group>"; };
		7BC809A11AAE6AB0007E5CC8 /* Base */ = {isa = PBXFileReference; lastKnownFileType = file.xib; name = Base; path = Base.lproj/LaunchScreen.xib; sourceTree = "<group>"; };
		7BC809A71AAE6AB0007E5CC8 /* iOS_app_tutorialTests.xctest */ = {isa = PBXFileReference; explicitFileType = wrapper.cfbundle; includeInIndex = 0; path = iOS_app_tutorialTests.xctest; sourceTree = BUILT_PRODUCTS_DIR; };
		7BC809AC1AAE6AB0007E5CC8 /* Info.plist */ = {isa = PBXFileReference; lastKnownFileType = text.plist.xml; path = Info.plist; sourceTree = "<group>"; };
		7BC809AD1AAE6AB0007E5CC8 /* iOS_app_tutorialTests.swift */ = {isa = PBXFileReference; lastKnownFileType = sourcecode.swift; path = iOS_app_tutorialTests.swift; sourceTree = "<group>"; };
/* End PBXFileReference section */

/* Begin PBXFrameworksBuildPhase section */
		7BC8098F1AAE6AB0007E5CC8 /* Frameworks */ = {
			isa = PBXFrameworksBuildPhase;
			buildActionMask = 2147483647;
			files = (
			);
			runOnlyForDeploymentPostprocessing = 0;
		};
		7BC809A41AAE6AB0007E5CC8 /* Frameworks */ = {
			isa = PBXFrameworksBuildPhase;
			buildActionMask = 2147483647;
			files = (
			);
			runOnlyForDeploymentPostprocessing = 0;
		};
/* End PBXFrameworksBuildPhase section */

/* Begin PBXGroup section */
		7BC809891AAE6AB0007E5CC8 = {
			isa = PBXGroup;
			children = (
				7BC809941AAE6AB0007E5CC8 /* iOS_app_tutorial */,
				7BC809AA1AAE6AB0007E5CC8 /* iOS_app_tutorialTests */,
				7BC809931AAE6AB0007E5CC8 /* Products */,
			);
			sourceTree = "<group>";
		};
		7BC809931AAE6AB0007E5CC8 /* Products */ = {
			isa = PBXGroup;
			children = (
				7BC809921AAE6AB0007E5CC8 /* iOS_app_tutorial.app */,
				7BC809A71AAE6AB0007E5CC8 /* iOS_app_tutorialTests.xctest */,
			);
			name = Products;
			sourceTree = "<group>";
		};
		7BC809941AAE6AB0007E5CC8 /* iOS_app_tutorial */ = {
			isa = PBXGroup;
			children = (
				7BC809971AAE6AB0007E5CC8 /* AppDelegate.swift */,
				7BC809991AAE6AB0007E5CC8 /* ViewController.swift */,
				7BC8099B1AAE6AB0007E5CC8 /* Main.storyboard */,
				7BC8099E1AAE6AB0007E5CC8 /* Images.xcassets */,
				7BC809A01AAE6AB0007E5CC8 /* LaunchScreen.xib */,
				7BC809951AAE6AB0007E5CC8 /* Supporting Files */,
			);
			path = iOS_app_tutorial;
			sourceTree = "<group>";
		};
		7BC809951AAE6AB0007E5CC8 /* Supporting Files */ = {
			isa = PBXGroup;
			children = (
				7BC809961AAE6AB0007E5CC8 /* Info.plist */,
			);
			name = "Supporting Files";
			sourceTree = "<group>";
		};
		7BC809AA1AAE6AB0007E5CC8 /* iOS_app_tutorialTests */ = {
			isa = PBXGroup;
			children = (
				7BC809AD1AAE6AB0007E5CC8 /* iOS_app_tutorialTests.swift */,
				7BC809AB1AAE6AB0007E5CC8 /* Supporting Files */,
			);
			path = iOS_app_tutorialTests;
			sourceTree = "<group>";
		};
		7BC809AB1AAE6AB0007E5CC8 /* Supporting Files */ = {
			isa = PBXGroup;
			children = (
				7BC809AC1AAE6AB0007E5CC8 /* Info.plist */,
			);
			name = "Supporting Files";
			sourceTree = "<group>";
		};
/* End PBXGroup section */

/* Begin PBXNativeTarget section */
		7BC809911AAE6AB0007E5CC8 /* iOS_app_tutorial */ = {
			isa = PBXNativeTarget;
			buildConfigurationList = 7BC809B11AAE6AB0007E5CC8 /* Build configuration list for PBXNativeTarget "iOS_app_tutorial" */;
			buildPhases = (
				7BC8098E1AAE6AB0007E5CC8 /* Sources */,
				7BC8098F1AAE6AB0007E5CC8 /* Frameworks */,
				7BC809901AAE6AB0007E5CC8 /* Resources */,
			);
			buildRules = (
			);
			dependencies = (
			);
			name = iOS_app_tutorial;
			productName = iOS_app_tutorial;
			productReference = 7BC809921AAE6AB0007E5CC8 /* iOS_app_tutorial.app */;
			productType = "com.apple.product-type.application";
		};
		7BC809A61AAE6AB0007E5CC8 /* iOS_app_tutorialTests */ = {
			isa = PBXNativeTarget;
			buildConfigurationList = 7BC809B41AAE6AB0007E5CC8 /* Build configuration list for PBXNativeTarget "iOS_app_tutorialTests" */;
			buildPhases = (
				7BC809A31AAE6AB0007E5CC8 /* Sources */,
				7BC809A41AAE6AB0007E5CC8 /* Frameworks */,
				7BC809A51AAE6AB0007E5CC8 /* Resources */,
			);
			buildRules = (
			);
			dependencies = (
				7BC809A91AAE6AB0007E5CC8 /* PBXTargetDependency */,
			);
			name = iOS_app_tutorialTests;
			productName = iOS_app_tutorialTests;
			productReference = 7BC809A71AAE6AB0007E5CC8 /* iOS_app_tutorialTests.xctest */;
			productType = "com.apple.product-type.bundle.unit-test";
		};
/* End PBXNativeTarget section */

/* Begin PBXProject section */
		7BC8098A1AAE6AB0007E5CC8 /* Project object */ = {
			isa = PBXProject;
			attributes = {
				LastUpgradeCheck = 0610;
				ORGANIZATIONNAME = "LazyBits LLC";
				TargetAttributes = {
					7BC809911AAE6AB0007E5CC8 = {
						CreatedOnToolsVersion = 6.1.1;
					};
					7BC809A61AAE6AB0007E5CC8 = {
						CreatedOnToolsVersion = 6.1.1;
						TestTargetID = 7BC809911AAE6AB0007E5CC8;
					};
				};
			};
			buildConfigurationList = 7BC8098D1AAE6AB0007E5CC8 /* Build configuration list for PBXProject "iOS_app_tutorial" */;
			compatibilityVersion = "Xcode 3.2";
			developmentRegion = English;
			hasScannedForEncodings = 0;
			knownRegions = (
				en,
				Base,
			);
			mainGroup = 7BC809891AAE6AB0007E5CC8;
			productRefGroup = 7BC809931AAE6AB0007E5CC8 /* Products */;
			projectDirPath = "";
			projectRoot = "";
			targets = (
				7BC809911AAE6AB0007E5CC8 /* iOS_app_tutorial */,
				7BC809A61AAE6AB0007E5CC8 /* iOS_app_tutorialTests */,
			);
		};
/* End PBXProject section */

/* Begin PBXResourcesBuildPhase section */
		7BC809901AAE6AB0007E5CC8 /* Resources */ = {
			isa = PBXResourcesBuildPhase;
			buildActionMask = 2147483647;
			files = (
				7BC8099D1AAE6AB0007E5CC8 /* Main.storyboard in Resources */,
				7BC809A21AAE6AB0007E5CC8 /* LaunchScreen.xib in Resources */,
				7BC8099F1AAE6AB0007E5CC8 /* Images.xcassets in Resources */,
			);
			runOnlyForDeploymentPostprocessing = 0;
		};
		7BC809A51AAE6AB0007E5CC8 /* Resources */ = {
			isa = PBXResourcesBuildPhase;
			buildActionMask = 2147483647;
			files = (
			);
			runOnlyForDeploymentPostprocessing = 0;
		};
/* End PBXResourcesBuildPhase section */

/* Begin PBXSourcesBuildPhase section */
		7BC8098E1AAE6AB0007E5CC8 /* Sources */ = {
			isa = PBXSourcesBuildPhase;
			buildActionMask = 2147483647;
			files = (
				7BC8099A1AAE6AB0007E5CC8 /* ViewController.swift in Sources */,
				7BC809981AAE6AB0007E5CC8 /* AppDelegate.swift in Sources */,
			);
			runOnlyForDeploymentPostprocessing = 0;
		};
		7BC809A31AAE6AB0007E5CC8 /* Sources */ = {
			isa = PBXSourcesBuildPhase;
			buildActionMask = 2147483647;
			files = (
				7BC809AE1AAE6AB0007E5CC8 /* iOS_app_tutorialTests.swift in Sources */,
			);
			runOnlyForDeploymentPostprocessing = 0;
		};
/* End PBXSourcesBuildPhase section */

/* Begin PBXTargetDependency section */
		7BC809A91AAE6AB0007E5CC8 /* PBXTargetDependency */ = {
			isa = PBXTargetDependency;
			target = 7BC809911AAE6AB0007E5CC8 /* iOS_app_tutorial */;
			targetProxy = 7BC809A81AAE6AB0007E5CC8 /* PBXContainerItemProxy */;
		};
/* End PBXTargetDependency section */

/* Begin PBXVariantGroup section */
		7BC8099B1AAE6AB0007E5CC8 /* Main.storyboard */ = {
			isa = PBXVariantGroup;
			children = (
				7BC8099C1AAE6AB0007E5CC8 /* Base */,
			);
			name = Main.storyboard;
			sourceTree = "<group>";
		};
		7BC809A01AAE6AB0007E5CC8 /* LaunchScreen.xib */ = {
			isa = PBXVariantGroup;
			children = (
				7BC809A11AAE6AB0007E5CC8 /* Base */,
			);
			name = LaunchScreen.xib;
			sourceTree = "<group>";
		};
/* End PBXVariantGroup section */

/* Begin XCBuildConfiguration section */
		7BC809AF1AAE6AB0007E5CC8 /* Debug */ = {
			isa = XCBuildConfiguration;
			buildSettings = {
				ALWAYS_SEARCH_USER_PATHS = NO;
				CLANG_CXX_LANGUAGE_STANDARD = "gnu++0x";
				CLANG_CXX_LIBRARY = "libc++";
				CLANG_ENABLE_MODULES = YES;
				CLANG_ENABLE_OBJC_ARC = YES;
				CLANG_WARN_BOOL_CONVERSION = YES;
				CLANG_WARN_CONSTANT_CONVERSION = YES;
				CLANG_WARN_DIRECT_OBJC_ISA_USAGE = YES_ERROR;
				CLANG_WARN_EMPTY_BODY = YES;
				CLANG_WARN_ENUM_CONVERSION = YES;
				CLANG_WARN_INT_CONVERSION = YES;
				CLANG_WARN_OBJC_ROOT_CLASS = YES_ERROR;
				CLANG_WARN_UNREACHABLE_CODE = YES;
				CLANG_WARN__DUPLICATE_METHOD_MATCH = YES;
				"CODE_SIGN_IDENTITY[sdk=iphoneos*]" = "iPhone Developer";
				COPY_PHASE_STRIP = NO;
				ENABLE_STRICT_OBJC_MSGSEND = YES;
				GCC_C_LANGUAGE_STANDARD = gnu99;
				GCC_DYNAMIC_NO_PIC = NO;
				GCC_OPTIMIZATION_LEVEL = 0;
				GCC_PREPROCESSOR_DEFINITIONS = (
					"DEBUG=1",
					"$(inherited)",
				);
				GCC_SYMBOLS_PRIVATE_EXTERN = NO;
				GCC_WARN_64_TO_32_BIT_CONVERSION = YES;
				GCC_WARN_ABOUT_RETURN_TYPE = YES_ERROR;
				GCC_WARN_UNDECLARED_SELECTOR = YES;
				GCC_WARN_UNINITIALIZED_AUTOS = YES_AGGRESSIVE;
				GCC_WARN_UNUSED_FUNCTION = YES;
				GCC_WARN_UNUSED_VARIABLE = YES;
				IPHONEOS_DEPLOYMENT_TARGET = 8.1;
				MTL_ENABLE_DEBUG_INFO = YES;
				ONLY_ACTIVE_ARCH = YES;
				SDKROOT = iphoneos;
				SWIFT_OPTIMIZATION_LEVEL = "-Onone";
				TARGETED_DEVICE_FAMILY = "1,2";
			};
			name = Debug;
		};
		7BC809B01AAE6AB0007E5CC8 /* Release */ = {
			isa = XCBuildConfiguration;
			buildSettings = {
				ALWAYS_SEARCH_USER_PATHS = NO;
				CLANG_CXX_LANGUAGE_STANDARD = "gnu++0x";
				CLANG_CXX_LIBRARY = "libc++";
				CLANG_ENABLE_MODULES = YES;
				CLANG_ENABLE_OBJC_ARC = YES;
				CLANG_WARN_BOOL_CONVERSION = YES;
				CLANG_WARN_CONSTANT_CONVERSION = YES;
				CLANG_WARN_DIRECT_OBJC_ISA_USAGE = YES_ERROR;
				CLANG_WARN_EMPTY_BODY = YES;
				CLANG_WARN_ENUM_CONVERSION = YES;
				CLANG_WARN_INT_CONVERSION = YES;
				CLANG_WARN_OBJC_ROOT_CLASS = YES_ERROR;
				CLANG_WARN_UNREACHABLE_CODE = YES;
				CLANG_WARN__DUPLICATE_METHOD_MATCH = YES;
				"CODE_SIGN_IDENTITY[sdk=iphoneos*]" = "iPhone Developer";
				COPY_PHASE_STRIP = YES;
				ENABLE_NS_ASSERTIONS = NO;
				ENABLE_STRICT_OBJC_MSGSEND = YES;
				GCC_C_LANGUAGE_STANDARD = gnu99;
				GCC_WARN_64_TO_32_BIT_CONVERSION = YES;
				GCC_WARN_ABOUT_RETURN_TYPE = YES_ERROR;
				GCC_WARN_UNDECLARED_SELECTOR = YES;
				GCC_WARN_UNINITIALIZED_AUTOS = YES_AGGRESSIVE;
				GCC_WARN_UNUSED_FUNCTION = YES;
				GCC_WARN_UNUSED_VARIABLE = YES;
				IPHONEOS_DEPLOYMENT_TARGET = 8.1;
				MTL_ENABLE_DEBUG_INFO = NO;
				SDKROOT = iphoneos;
				TARGETED_DEVICE_FAMILY = "1,2";
				VALIDATE_PRODUCT = YES;
			};
			name = Release;
		};
		7BC809B21AAE6AB0007E5CC8 /* Debug */ = {
			isa = XCBuildConfiguration;
			buildSettings = {
				ASSETCATALOG_COMPILER_APPICON_NAME = AppIcon;
				INFOPLIST_FILE = iOS_app_tutorial/Info.plist;
				LD_RUNPATH_SEARCH_PATHS = "$(inherited) @executable_path/Frameworks";
				PRODUCT_NAME = "$(TARGET_NAME)";
			};
			name = Debug;
		};
		7BC809B31AAE6AB0007E5CC8 /* Release */ = {
			isa = XCBuildConfiguration;
			buildSettings = {
				ASSETCATALOG_COMPILER_APPICON_NAME = AppIcon;
				INFOPLIST_FILE = iOS_app_tutorial/Info.plist;
				LD_RUNPATH_SEARCH_PATHS = "$(inherited) @executable_path/Frameworks";
				PRODUCT_NAME = "$(TARGET_NAME)";
			};
			name = Release;
		};
		7BC809B51AAE6AB0007E5CC8 /* Debug */ = {
			isa = XCBuildConfiguration;
			buildSettings = {
				BUNDLE_LOADER = "$(TEST_HOST)";
				FRAMEWORK_SEARCH_PATHS = (
					"$(SDKROOT)/Developer/Library/Frameworks",
					"$(inherited)",
				);
				GCC_PREPROCESSOR_DEFINITIONS = (
					"DEBUG=1",
					"$(inherited)",
				);
				INFOPLIST_FILE = iOS_app_tutorialTests/Info.plist;
				LD_RUNPATH_SEARCH_PATHS = "$(inherited) @executable_path/Frameworks @loader_path/Frameworks";
				PRODUCT_NAME = "$(TARGET_NAME)";
				TEST_HOST = "$(BUILT_PRODUCTS_DIR)/iOS_app_tutorial.app/iOS_app_tutorial";
			};
			name = Debug;
		};
		7BC809B61AAE6AB0007E5CC8 /* Release */ = {
			isa = XCBuildConfiguration;
			buildSettings = {
				BUNDLE_LOADER = "$(TEST_HOST)";
				FRAMEWORK_SEARCH_PATHS = (
					"$(SDKROOT)/Developer/Library/Frameworks",
					"$(inherited)",
				);
				INFOPLIST_FILE = iOS_app_tutorialTests/Info.plist;
				LD_RUNPATH_SEARCH_PATHS = "$(inherited) @executable_path/Frameworks @loader_path/Frameworks";
				PRODUCT_NAME = "$(TARGET_NAME)";
				TEST_HOST = "$(BUILT_PRODUCTS_DIR)/iOS_app_tutorial.app/iOS_app_tutorial";
			};
			name = Release;
		};
/* End XCBuildConfiguration section */

/* Begin XCConfigurationList section */
		7BC8098D1AAE6AB0007E5CC8 /* Build configuration list for PBXProject "iOS_app_tutorial" */ = {
			isa = XCConfigurationList;
			buildConfigurations = (
				7BC809AF1AAE6AB0007E5CC8 /* Debug */,
				7BC809B01AAE6AB0007E5CC8 /* Release */,
			);
			defaultConfigurationIsVisible = 0;
			defaultConfigurationName = Release;
		};
		7BC809B11AAE6AB0007E5CC8 /* Build configuration list for PBXNativeTarget "iOS_app_tutorial" */ = {
			isa = XCConfigurationList;
			buildConfigurations = (
				7BC809B21AAE6AB0007E5CC8 /* Debug */,
				7BC809B31AAE6AB0007E5CC8 /* Release */,
			);
			defaultConfigurationIsVisible = 0;
		};
		7BC809B41AAE6AB0007E5CC8 /* Build configuration list for PBXNativeTarget "iOS_app_tutorialTests" */ = {
			isa = XCConfigurationList;
			buildConfigurations = (
				7BC809B51AAE6AB0007E5CC8 /* Debug */,
				7BC809B61AAE6AB0007E5CC8 /* Release */,
			);
			defaultConfigurationIsVisible = 0;
		};
/* End XCConfigurationList section */
	};
	rootObject = 7BC8098A1AAE6AB0007E5CC8 /* Project object */;
}
